
Microsoft Visual Studio Solution File, Format Version 12.00
# Visual Studio 15
VisualStudioVersion = 15.0.26730.16
MinimumVisualStudioVersion = 10.0.40219.1
Project("{FAE04EC0-301F-11D3-BF4B-00C04F79EFBC}") = "WpfCrmTest", "WpfCrmTest\WpfCrmTest.csproj", "{44188BFC-1060-4E15-AED8-954B74CEA7B2}"
EndProject
Global
	GlobalSection(SolutionConfigurationPlatforms) = preSolution
		Debug|Any CPU = Debug|Any CPU
		Release|Any CPU = Release|Any CPU
	EndGlobalSection
	GlobalSection(ProjectConfigurationPlatforms) = postSolution
		{44188BFC-1060-4E15-AED8-954B74CEA7B2}.Debug|Any CPU.ActiveCfg = Debug|Any CPU
		{44188BFC-1060-4E15-AED8-954B74CEA7B2}.Debug|Any CPU.Build.0 = Debug|Any CPU
		{44188BFC-1060-4E15-AED8-954B74CEA7B2}.Release|Any CPU.ActiveCfg = Release|Any CPU
		{44188BFC-1060-4E15-AED8-954B74CEA7B2}.Release|Any CPU.Build.0 = Release|Any CPU
	EndGlobalSection
	GlobalSection(SolutionProperties) = preSolution
		HideSolutionNode = FALSE
	EndGlobalSection
	GlobalSection(ExtensibilityGlobals) = postSolution
		SolutionGuid = {43ECB642-EA35-4020-B8B5-512D8F7F5420}
	EndGlobalSection
EndGlobal
